{
  "lockfile_version": "1",
  "packages": {
    "cargo-nextest@latest": {
      "last_modified": "2026-02-15T09:18:18Z",
      "resolved": "github:NixOS/nixpkgs/e3cb16bccd9facebae3ba29c6a76a4cc1b73462a#cargo-nextest",
      "source": "devbox-search",
      "version": "0.9.127",
      "systems": {
        "aarch64-darwin": {
          "outputs": [
            {
              "name": "out",
              "path": "/nix/store/17igfnrxls2nh8384vvv41dzldpid14i-cargo-nextest-0.9.127",
              "default": true
            }
          ],
          "store_path": "/nix/store/17igfnrxls2nh8384vvv41dzldpid14i-cargo-nextest-0.9.127"
        },
        "aarch64-linux": {
          "outputs": [
            {
              "name": "out",
              "path": "/nix/store/fm1x80z7vkll4v04n4xq4c066i3mgzjg-cargo-nextest-0.9.127",
              "default": true
            }
          ],
          "store_path": "/nix/store/fm1x80z7vkll4v04n4xq4c066i3mgzjg-cargo-nextest-0.9.127"
        },
        "x86_64-darwin": {
          "outputs": [
            {
              "name": "out",
              "path": "/nix/store/amzwl469qw9ql4iapnzd78f4w0ra6z77-cargo-nextest-0.9.127",
              "default": true
            }
          ],
          "store_path": "/nix/store/amzwl469qw9ql4iapnzd78f4w0ra6z77-cargo-nextest-0.9.127"
        },
        "x86_64-linux": {
          "outputs": [
            {
              "name": "out",
              "path": "/nix/store/4d8ggb39bj728a3n8cl80kl0h94fc6sy-cargo-nextest-0.9.127",
              "default": true
            }
          ],
          "store_path": "/nix/store/4d8ggb39bj728a3n8cl80kl0h94fc6sy-cargo-nextest-0.9.127"
        }
      }
    },
    "github:NixOS/nixpkgs/nixpkgs-unstable": {
      "last_modified": "2026-02-16T02:09:13Z",
      "resolved": "github:NixOS/nixpkgs/d1c15b7d5806069da59e819999d70e1cec0760bf?lastModified=1771207753&narHash=sha256-b9uG8yN50DRQ6A7JdZBfzq718ryYrlmGgqkRm9OOwCE%3D"
    },
    "github:eid-privacy/flakes#barretenberg-versions.beta_21": {
      "last_modified": "2026-05-20T14:09:33Z",
      "resolved": "github:eid-privacy/flakes/c3c5e6d5c7658ac53f1dbc3ce7f9d60ce99467da?lastModified=1779286173&narHash=sha256-4Z%2FauDh5oAAyI739S%2FaZ0qJHcjghCFu2KyOcrWGeaWI%3D#barretenberg-versions.beta_21"
    },
    "github:eid-privacy/flakes#noir-versions.v1_0_0-beta_21": {
      "last_modified": "2026-05-20T14:09:33Z",
      "resolved": "github:eid-privacy/flakes/c3c5e6d5c7658ac53f1dbc3ce7f9d60ce99467da?lastModified=1779286173&narHash=sha256-4Z%2FauDh5oAAyI739S%2FaZ0qJHcjghCFu2KyOcrWGeaWI%3D#noir-versions.v1_0_0-beta_21"
    },
    "gnumake@latest": {
      "last_modified": "2026-02-11T21:01:36Z",
      "resolved": "github:NixOS/nixpkgs/2343bbb58f99267223bc2aac4fc9ea301a155a16#gnumake",
      "source": "devbox-search",
      "version": "4.4.1",
      "systems": {
        "aarch64-darwin": {
          "outputs": [
            {
              "name": "out",
              "path": "/nix/store/cz4rjcd28s9qqk2zcnn9d8pgs5l6qqy9-gnumake-4.4.1",
              "default": true
            },
            {
              "name": "man",
              "path": "/nix/store/2cd4idcvj4fnn4ss1ffz9fqagfhvjpy1-gnumake-4.4.1-man",
              "default": true
            },
            {
              "name": "doc",
              "path": "/nix/store/8cnmyqhnlxpl7k9z15cridfdd9kka64b-gnumake-4.4.1-doc"
            },
            {
              "name": "info",
              "path": "/nix/store/jar06k1k53zsig2iah8vaw1y9r0wxa55-gnumake-4.4.1-info"
            }
          ],
          "store_path": "/nix/store/cz4rjcd28s9qqk2zcnn9d8pgs5l6qqy9-gnumake-4.4.1"
        },
        "aarch64-linux": {
          "outputs": [
            {
              "name": "out",
              "path": "/nix/store/z9wllcd2plhx8863ka0zfh0mffxm6jir-gnumake-4.4.1",
              "default": true
            },
            {
              "name": "man",
              "path": "/nix/store/i0rnnv9fm87c0228z34pgvk24ifqn6bm-gnumake-4.4.1-man",
              "default": true
            },
            {
              "name": "debug",
              "path": "/nix/store/4wnafz38wr2jld58vr5j41b6mc4n26r6-gnumake-4.4.1-debug"
            },
            {
              "name": "doc",
              "path": "/nix/store/15r3aanv0lh7mqi1gm3l8blpcnp05qzy-gnumake-4.4.1-doc"
            },
            {
              "name": "info",
              "path": "/nix/store/gjd78rqz1k94n1c2s2kip126f8gjbb6g-gnumake-4.4.1-info"
            }
          ],
          "store_path": "/nix/store/z9wllcd2plhx8863ka0zfh0mffxm6jir-gnumake-4.4.1"
        },
        "x86_64-darwin": {
          "outputs": [
            {
              "name": "out",
              "path": "/nix/store/sqp22z2pm7s7n0wb3al4c3h47shw5aic-gnumake-4.4.1",
              "default": true
            },
            {
              "name": "man",
              "path": "/nix/store/x7p2q0wx9828p9n8r3pisbijncsfphvr-gnumake-4.4.1-man",
              "default": true
            },
            {
              "name": "doc",
              "path": "/nix/store/2kpsfrqzyr0kzckkdjbqnsdcz2d719lk-gnumake-4.4.1-doc"
            },
            {
              "name": "info",
              "path": "/nix/store/jlb9r2mzq8660lhn9my1pgri15jiqljq-gnumake-4.4.1-info"
            }
          ],
          "store_path": "/nix/store/sqp22z2pm7s7n0wb3al4c3h47shw5aic-gnumake-4.4.1"
        },
        "x86_64-linux": {
          "outputs": [
            {
              "name": "out",
              "path": "/nix/store/5lyy21zm97pj8l67r2xapdkxpxb6v6y0-gnumake-4.4.1",
              "default": true
            },
            {
              "name": "man",
              "path": "/nix/store/an38a5jy0ivp1504yjbzgl4prvhjnix7-gnumake-4.4.1-man",
              "default": true
            },
            {
              "name": "debug",
              "path": "/nix/store/fa0f3msdrc5il96nn5qvrbhf6779vvh1-gnumake-4.4.1-debug"
            },
            {
              "name": "doc",
              "path": "/nix/store/j2vz6gm38023yfg359cnawzvabqc0w9v-gnumake-4.4.1-doc"
            },
            {
              "name": "info",
              "path": "/nix/store/2pqq9mdchp0s0cgl1qqql38v502kbdi1-gnumake-4.4.1-info"
            }
          ],
          "store_path": "/nix/store/5lyy21zm97pj8l67r2xapdkxpxb6v6y0-gnumake-4.4.1"
        }
      }
    },
    "jq@latest": {
      "last_modified": "2026-02-15T17:45:47Z",
      "resolved": "github:NixOS/nixpkgs/ac055f38c798b0d87695240c7b761b82fc7e5bc2#jq",
      "source": "devbox-search",
      "version": "1.8.1",
      "systems": {
        "aarch64-darwin": {
          "outputs": [
            {
              "name": "bin",
              "path": "/nix/store/qjs0qndyz1g97rsc1zp4cd692y5iph64-jq-1.8.1-bin",
              "default": true
            },
            {
              "name": "man",
              "path": "/nix/store/jlpyybc7pdh4gk17dc266d6a1szm7dk6-jq-1.8.1-man",
              "default": true
            },
            {
              "name": "dev",
              "path": "/nix/store/bhryp10d5w5h9rsav5k9m9jb55z26bsl-jq-1.8.1-dev"
            },
            {
              "name": "doc",
              "path": "/nix/store/238sn0gg3i3i9v6kgx4g1k6b19frzy49-jq-1.8.1-doc"
            },
            {
              "name": "out",
              "path": "/nix/store/n64h0247s3674kry90l6kszx06zyrgfn-jq-1.8.1"
            }
          ],
          "store_path": "/nix/store/qjs0qndyz1g97rsc1zp4cd692y5iph64-jq-1.8.1-bin"
        },
        "aarch64-linux": {
          "outputs": [
            {
              "name": "bin",
              "path": "/nix/store/c1qm5fsn6qbl09xdjx649vifabypyywd-jq-1.8.1-bin",
              "default": true
            },
            {
              "name": "man",
              "path": "/nix/store/2pjwv0ab8nilrg1lvjazf9y9w6g6pk5y-jq-1.8.1-man",
              "default": true
            },
            {
              "name": "dev",
              "path": "/nix/store/2sy4y09ddbi64pbg4is078110z70jsdw-jq-1.8.1-dev"
            },
            {
              "name": "doc",
              "path": "/nix/store/vx81xggapqwdd2l64mmxrkbafih461jc-jq-1.8.1-doc"
            },
            {
              "name": "out",
              "path": "/nix/store/cfhajjz1k7gf31krbj18q9acb54xp5z9-jq-1.8.1"
            }
          ],
          "store_path": "/nix/store/c1qm5fsn6qbl09xdjx649vifabypyywd-jq-1.8.1-bin"
        },
        "x86_64-darwin": {
          "outputs": [
            {
              "name": "bin",
              "path": "/nix/store/51343hgchh7by4l8r1g244ma05ny3x0b-jq-1.8.1-bin",
              "default": true
            },
            {
              "name": "man",
              "path": "/nix/store/vx840ik1sj1h8fhqwa40aglvrgpa0r18-jq-1.8.1-man",
              "default": true
            },
            {
              "name": "dev",
              "path": "/nix/store/pp2hrljvalrrwyxh7is69nnlmxb2m7lk-jq-1.8.1-dev"
            },
            {
              "name": "doc",
              "path": "/nix/store/h05xaf7fsasgp8cpyar2195cc8lbgih8-jq-1.8.1-doc"
            },
            {
              "name": "out",
              "path": "/nix/store/bmg2xfw86wavg7fm062nyf6v48xzxh0j-jq-1.8.1"
            }
          ],
          "store_path": "/nix/store/51343hgchh7by4l8r1g244ma05ny3x0b-jq-1.8.1-bin"
        },
        "x86_64-linux": {
          "outputs": [
            {
              "name": "bin",
              "path": "/nix/store/qnaw7i777j52fpgbl5pgmzkq85znp083-jq-1.8.1-bin",
              "default": true
            },
            {
              "name": "man",
              "path": "/nix/store/6mh88qsh57ivh31c5nqxc43n0hv9xhbk-jq-1.8.1-man",
              "default": true
            },
            {
              "name": "doc",
              "path": "/nix/store/3ynrp4ypwv1g1jgsk638443p8lpd9g8f-jq-1.8.1-doc"
            },
            {
              "name": "out",
              "path": "/nix/store/fgsvqffyvcpjqs093wwf2d6dzxnmnqnv-jq-1.8.1"
            },
            {
              "name": "dev",
              "path": "/nix/store/d73i1fvhrqms0sbfrvqaynsr8iva216v-jq-1.8.1-dev"
            }
          ],
          "store_path": "/nix/store/qnaw7i777j52fpgbl5pgmzkq85znp083-jq-1.8.1-bin"
        }
      }
    },
    "nodePackages.prettier@latest": {
      "last_modified": "2025-05-21T18:43:04Z",
      "resolved": "github:NixOS/nixpkgs/8c441601c43232976179eac52dde704c8bdf81ed#nodePackages.prettier",
      "source": "devbox-search",
      "version": "3.5.3",
      "systems": {
        "aarch64-darwin": {
          "outputs": [
            {
              "name": "out",
              "path": "/nix/store/yspchsd3ww1ddz2r5783kw8y9j0vr3r8-prettier-3.5.3",
              "default": true
            }
          ],
          "store_path": "/nix/store/yspchsd3ww1ddz2r5783kw8y9j0vr3r8-prettier-3.5.3"
        },
        "aarch64-linux": {
          "outputs": [
            {
              "name": "out",
              "path": "/nix/store/ya3imag4wkxj3g5fws96rzyzv36m74w8-prettier-3.5.3",
              "default": true
            }
          ],
          "store_path": "/nix/store/ya3imag4wkxj3g5fws96rzyzv36m74w8-prettier-3.5.3"
        },
        "x86_64-darwin": {
          "outputs": [
            {
              "name": "out",
              "path": "/nix/store/f9q2y20qa56hjzxnia0q664m0rkwwqvm-prettier-3.5.3",
              "default": true
            }
          ],
          "store_path": "/nix/store/f9q2y20qa56hjzxnia0q664m0rkwwqvm-prettier-3.5.3"
        },
        "x86_64-linux": {
          "outputs": [
            {
              "name": "out",
              "path": "/nix/store/wry9vlk19pk7izrknb980icc8gihzllx-prettier-3.5.3",
              "default": true
            }
          ],
          "store_path": "/nix/store/wry9vlk19pk7izrknb980icc8gihzllx-prettier-3.5.3"
        }
      }
    },
    "python311Packages.pip@latest": {
      "last_modified": "2024-12-03T12:40:06Z",
      "resolved": "github:NixOS/nixpkgs/566e53c2ad750c84f6d31f9ccb9d00f823165550#python311Packages.pip",
      "source": "devbox-search",
      "version": "24.0",
      "systems": {
        "aarch64-darwin": {
          "outputs": [
            {
              "name": "out",
              "path": "/nix/store/4rlmzs8imw8cnm7zxmb40qcg5zfilywm-python3.11-pip-24.0",
              "default": true
            },
            {
              "name": "man",
              "path": "/nix/store/8c0k3zmqxmc790jnq0iy741f0r59skq0-python3.11-pip-24.0-man",
              "default": true
            },
            {
              "name": "dist",
              "path": "/nix/store/qym844p07sk31c62yqj5b980rn9zjqp8-python3.11-pip-24.0-dist"
            }
          ],
          "store_path": "/nix/store/4rlmzs8imw8cnm7zxmb40qcg5zfilywm-python3.11-pip-24.0"
        },
        "aarch64-linux": {
          "outputs": [
            {
              "name": "out",
              "path": "/nix/store/n1878qvhhl7a1238h52syhpyn3vpr9ap-python3.11-pip-24.0",
              "default": true
            },
            {
              "name": "man",
              "path": "/nix/store/l6h3wn620pnsw00b3izh7qkh63v2h2mm-python3.11-pip-24.0-man",
              "default": true
            },
            {
              "name": "dist",
              "path": "/nix/store/9ai3zc1ml1hpl6r5a0wz20j73jzqc19k-python3.11-pip-24.0-dist"
            }
          ],
          "store_path": "/nix/store/n1878qvhhl7a1238h52syhpyn3vpr9ap-python3.11-pip-24.0"
        },
        "x86_64-darwin": {
          "outputs": [
            {
              "name": "out",
              "path": "/nix/store/b4rc80klr5hfjnndmxmzkr2h1ipsc0lw-python3.11-pip-24.0",
              "default": true
            },
            {
              "name": "man",
              "path": "/nix/store/v0m892bw1za9c84sdz7id7lsdqz5gn0m-python3.11-pip-24.0-man",
              "default": true
            },
            {
              "name": "dist",
              "path": "/nix/store/543xg541cyv8azjfr0d4iy1r56bzr7l0-python3.11-pip-24.0-dist"
            }
          ],
          "store_path": "/nix/store/b4rc80klr5hfjnndmxmzkr2h1ipsc0lw-python3.11-pip-24.0"
        },
        "x86_64-linux": {
          "outputs": [
            {
              "name": "out",
              "path": "/nix/store/9hhh5rh3qihyrh0y0wid9xl20i0z5pfq-python3.11-pip-24.0",
              "default": true
            },
            {
              "name": "man",
              "path": "/nix/store/5qlaabn7jli0d2djawr8ld8l6bi8jwwi-python3.11-pip-24.0-man",
              "default": true
            },
            {
              "name": "dist",
              "path": "/nix/store/ifs6g0gvihqkn6kbs91n88hxai1i3jcj-python3.11-pip-24.0-dist"
            }
          ],
          "store_path": "/nix/store/9hhh5rh3qihyrh0y0wid9xl20i0z5pfq-python3.11-pip-24.0"
        }
      }
    },
    "python@3.11": {
      "last_modified": "2026-01-23T17:20:52Z",
      "plugin_version": "0.0.4",
      "resolved": "github:NixOS/nixpkgs/a1bab9e494f5f4939442a57a58d0449a109593fe#python311",
      "source": "devbox-search",
      "version": "3.11.14",
      "systems": {
        "aarch64-darwin": {
          "outputs": [
            {
              "name": "out",
              "path": "/nix/store/5js017grsv1cij8rd8dqf2hc2kpxp56r-python3-3.11.14",
              "default": true
            }
          ],
          "store_path": "/nix/store/5js017grsv1cij8rd8dqf2hc2kpxp56r-python3-3.11.14"
        },
        "aarch64-linux": {
          "outputs": [
            {
              "name": "out",
              "path": "/nix/store/kzqbz2hg9vgymccsy03p4w69g0qrmksm-python3-3.11.14",
              "default": true
            },
            {
              "name": "debug",
              "path": "/nix/store/mpmr5pm5zl2rrqbi8wyy49ax8adlq9sg-python3-3.11.14-debug"
            }
          ],
          "store_path": "/nix/store/kzqbz2hg9vgymccsy03p4w69g0qrmksm-python3-3.11.14"
        },
        "x86_64-darwin": {
          "outputs": [
            {
              "name": "out",
              "path": "/nix/store/1vl664skg3gyi73j6gw9hlcsrwlyh3y9-python3-3.11.14",
              "default": true
            }
          ],
          "store_path": "/nix/store/1vl664skg3gyi73j6gw9hlcsrwlyh3y9-python3-3.11.14"
        },
        "x86_64-linux": {
          "outputs": [
            {
              "name": "out",
              "path": "/nix/store/dwix9cc815h6vxvdvl8zc6pvznq6whdh-python3-3.11.14",
              "default": true
            },
            {
              "name": "debug",
              "path": "/nix/store/blrzp1hnvrkagchyp19f248s0yhkkl80-python3-3.11.14-debug"
            }
          ],
          "store_path": "/nix/store/dwix9cc815h6vxvdvl8zc6pvznq6whdh-python3-3.11.14"
        }
      }
    },
    "rustup@latest": {
      "last_modified": "2026-01-23T17:20:52Z",
      "plugin_version": "0.0.1",
      "resolved": "github:NixOS/nixpkgs/a1bab9e494f5f4939442a57a58d0449a109593fe#rustup",
      "source": "devbox-search",
      "version": "1.28.2",
      "systems": {
        "aarch64-darwin": {
          "outputs": [
            {
              "name": "out",
              "path": "/nix/store/r0nacc31pp9jglw15wacjp8bzyjhi41b-rustup-1.28.2",
              "default": true
            }
          ],
          "store_path": "/nix/store/r0nacc31pp9jglw15wacjp8bzyjhi41b-rustup-1.28.2"
        },
        "aarch64-linux": {
          "outputs": [
            {
              "name": "out",
              "path": "/nix/store/jczizx7qz254wi11kj9flx1kyzvpxb3x-rustup-1.28.2",
              "default": true
            }
          ],
          "store_path": "/nix/store/jczizx7qz254wi11kj9flx1kyzvpxb3x-rustup-1.28.2"
        },
        "x86_64-darwin": {
          "outputs": [
            {
              "name": "out",
              "path": "/nix/store/prxdrp8ffnsrmzfznjgiqvqm8j810c5v-rustup-1.28.2",
              "default": true
            }
          ],
          "store_path": "/nix/store/prxdrp8ffnsrmzfznjgiqvqm8j810c5v-rustup-1.28.2"
        },
        "x86_64-linux": {
          "outputs": [
            {
              "name": "out",
              "path": "/nix/store/8kys5yhdhiybfw4p4rdyfg7av8rldl6r-rustup-1.28.2",
              "default": true
            }
          ],
          "store_path": "/nix/store/8kys5yhdhiybfw4p4rdyfg7av8rldl6r-rustup-1.28.2"
        }
      }
    },
    "time@latest": {
      "last_modified": "2026-02-06T12:24:04Z",
      "resolved": "github:NixOS/nixpkgs/ae67888ff7ef9dff69b3cf0cc0fbfbcd3a722abe#time",
      "source": "devbox-search",
      "version": "1.9",
      "systems": {
        "aarch64-darwin": {
          "outputs": [
            {
              "name": "out",
              "path": "/nix/store/xxnsk8bwr61368ry88cdah07grqzff6f-time-1.9",
              "default": true
            },
            {
              "name": "info",
              "path": "/nix/store/d95qqhgfm8p6pf7k6mvppn6kdapr4i12-time-1.9-info"
            }
          ],
          "store_path": "/nix/store/xxnsk8bwr61368ry88cdah07grqzff6f-time-1.9"
        },
        "aarch64-linux": {
          "outputs": [
            {
              "name": "out",
              "path": "/nix/store/hfhk2rnsy1v51gii9pa726hwzj0kh8ig-time-1.9",
              "default": true
            },
            {
              "name": "info",
              "path": "/nix/store/0zzxh2n20704nw7b1b9z8j57zgfx09ra-time-1.9-info"
            }
          ],
          "store_path": "/nix/store/hfhk2rnsy1v51gii9pa726hwzj0kh8ig-time-1.9"
        },
        "x86_64-darwin": {
          "outputs": [
            {
              "name": "out",
              "path": "/nix/store/b5gfqbs6ish15ggfivbdjl3x1a4b53hk-time-1.9",
              "default": true
            },
            {
              "name": "info",
              "path": "/nix/store/j56a675b7xysfsjv8nqhzi143lr3rg0s-time-1.9-info"
            }
          ],
          "store_path": "/nix/store/b5gfqbs6ish15ggfivbdjl3x1a4b53hk-time-1.9"
        },
        "x86_64-linux": {
          "outputs": [
            {
              "name": "out",
              "path": "/nix/store/mzq8x6g0m1s3fha79k3nwk8dq908v2yn-time-1.9",
              "default": true
            },
            {
              "name": "info",
              "path": "/nix/store/3lrx2qv5kzycjypxaq6c8zk5z6k6j0g8-time-1.9-info"
            }
          ],
          "store_path": "/nix/store/mzq8x6g0m1s3fha79k3nwk8dq908v2yn-time-1.9"
        }
      }
    }
  }
}
