{
  "lockfile_version": "1",
  "packages": {
    "github:NixOS/nixpkgs/nixpkgs-unstable": {
      "last_modified": "2025-12-05T15:03:55Z",
      "resolved": "github:NixOS/nixpkgs/a672be65651c80d3f592a89b3945466584a22069?lastModified=1764947035&narHash=sha256-EYHSjVM4Ox4lvCXUMiKKs2vETUSL5mx%2BJ2FfutM7T9w%3D"
    },
    "github:eid-privacy/flakes#barretenberg-versions.v1_2_1": {
      "last_modified": "2025-11-12T16:36:01Z",
      "resolved": "github:eid-privacy/flakes/3356ab3af429e381974fa6da067db2ac37d99905?lastModified=1762965361&narHash=sha256-a2e%2FCIB8c5I4LaAZhsw8ecNnChvWfDPgvZP%2Fte5sni0%3D#barretenberg-versions.v1_2_1"
    },
    "github:eid-privacy/flakes#noir-versions.v1_0_0-beta_13": {
      "last_modified": "2025-11-12T16:36:01Z",
      "resolved": "github:eid-privacy/flakes/3356ab3af429e381974fa6da067db2ac37d99905?lastModified=1762965361&narHash=sha256-a2e%2FCIB8c5I4LaAZhsw8ecNnChvWfDPgvZP%2Fte5sni0%3D#noir-versions.v1_0_0-beta_13"
    },
    "python311Packages.pip": {
      "resolved": "github:NixOS/nixpkgs/a672be65651c80d3f592a89b3945466584a22069?narHash=sha256-EYHSjVM4Ox4lvCXUMiKKs2vETUSL5mx%2BJ2FfutM7T9w%3D#python311Packages.pip",
      "source": "nixpkg"
    },
    "python@3.11": {
      "last_modified": "2025-11-23T21:50:36Z",
      "plugin_version": "0.0.4",
      "resolved": "github:NixOS/nixpkgs/ee09932cedcef15aaf476f9343d1dea2cb77e261#python311",
      "source": "devbox-search",
      "version": "3.11.14",
      "systems": {
        "aarch64-darwin": {
          "outputs": [
            {
              "name": "out",
              "path": "/nix/store/ymffyssaavagb5jc1hbx1pkdq21gh16b-python3-3.11.14",
              "default": true
            }
          ],
          "store_path": "/nix/store/ymffyssaavagb5jc1hbx1pkdq21gh16b-python3-3.11.14"
        },
        "aarch64-linux": {
          "outputs": [
            {
              "name": "out",
              "path": "/nix/store/kbyysxq0ry8vqbpkdwld118fi92wvqsf-python3-3.11.14",
              "default": true
            },
            {
              "name": "debug",
              "path": "/nix/store/y8il90w9kvh1anv432rj8vz3nf7316w5-python3-3.11.14-debug"
            }
          ],
          "store_path": "/nix/store/kbyysxq0ry8vqbpkdwld118fi92wvqsf-python3-3.11.14"
        },
        "x86_64-darwin": {
          "outputs": [
            {
              "name": "out",
              "path": "/nix/store/i4bd9nz257aph5lpjr19ggcaqc62qjn0-python3-3.11.14",
              "default": true
            }
          ],
          "store_path": "/nix/store/i4bd9nz257aph5lpjr19ggcaqc62qjn0-python3-3.11.14"
        },
        "x86_64-linux": {
          "outputs": [
            {
              "name": "out",
              "path": "/nix/store/00x3abm7y8j13i6n4sahvbar99irkc7d-python3-3.11.14",
              "default": true
            },
            {
              "name": "debug",
              "path": "/nix/store/2lj58b7mhib83mb0cx8flyahbs9pnd9z-python3-3.11.14-debug"
            }
          ],
          "store_path": "/nix/store/00x3abm7y8j13i6n4sahvbar99irkc7d-python3-3.11.14"
        }
      }
    },
    "time@latest": {
      "last_modified": "2025-11-23T21:50:36Z",
      "resolved": "github:NixOS/nixpkgs/ee09932cedcef15aaf476f9343d1dea2cb77e261#time",
      "source": "devbox-search",
      "version": "1.9",
      "systems": {
        "aarch64-darwin": {
          "outputs": [
            {
              "name": "out",
              "path": "/nix/store/9m2r27l2mis8lbmmd0mm6c40g4a23nn0-time-1.9",
              "default": true
            }
          ],
          "store_path": "/nix/store/9m2r27l2mis8lbmmd0mm6c40g4a23nn0-time-1.9"
        },
        "aarch64-linux": {
          "outputs": [
            {
              "name": "out",
              "path": "/nix/store/v827ij4x3jhdkh8j15r5qm84hjxszlnk-time-1.9",
              "default": true
            }
          ],
          "store_path": "/nix/store/v827ij4x3jhdkh8j15r5qm84hjxszlnk-time-1.9"
        },
        "x86_64-darwin": {
          "outputs": [
            {
              "name": "out",
              "path": "/nix/store/1yl3mszwa8zrf2s1kzfjkzb4mydx74qn-time-1.9",
              "default": true
            }
          ],
          "store_path": "/nix/store/1yl3mszwa8zrf2s1kzfjkzb4mydx74qn-time-1.9"
        },
        "x86_64-linux": {
          "outputs": [
            {
              "name": "out",
              "path": "/nix/store/1wjrg5dj3k6r6jwmiib8rn6811zdzvhy-time-1.9",
              "default": true
            }
          ],
          "store_path": "/nix/store/1wjrg5dj3k6r6jwmiib8rn6811zdzvhy-time-1.9"
        }
      }
    }
  }
}
